// !$*UTF8*$!
{
	archiveVersion = 1;
	classes = {
	};
	objectVersion = 50;
	objects = {

/* Begin PBXBuildFile section */
		A41AAA5D20CA619A00A26818 /* AppDelegate.m in Sources */ = {isa = PBXBuildFile; fileRef = A41AAA5620CA619A00A26818 /* AppDelegate.m */; };
		A41AAA5E20CA619A00A26818 /* LaunchScreen.storyboard in Resources */ = {isa = PBXBuildFile; fileRef = A41AAA5720CA619A00A26818 /* LaunchScreen.storyboard */; };
		A41AAA5F20CA619A00A26818 /* Info.plist in Resources */ = {isa = PBXBuildFile; fileRef = A41AAA5920CA619A00A26818 /* Info.plist */; };
		A41AAA6020CA619A00A26818 /* main.m in Sources */ = {isa = PBXBuildFile; fileRef = A41AAA5A20CA619A00A26818 /* main.m */; };
		A41AAA6120CA619A00A26818 /* ViewController.m in Sources */ = {isa = PBXBuildFile; fileRef = A41AAA5C20CA619A00A26818 /* ViewController.m */; };
		A459348C20C789D2001FD4E8 /* MASCompositeConstraint.m in Sources */ = {isa = PBXBuildFile; fileRef = A459347420C789D1001FD4E8 /* MASCompositeConstraint.m */; };
		A459348D20C789D2001FD4E8 /* MASConstraint.m in Sources */ = {isa = PBXBuildFile; fileRef = A459347720C789D1001FD4E8 /* MASConstraint.m */; };
		A459348E20C789D2001FD4E8 /* MASConstraintMaker.m in Sources */ = {isa = PBXBuildFile; fileRef = A459347920C789D1001FD4E8 /* MASConstraintMaker.m */; };
		A459348F20C789D2001FD4E8 /* MASLayoutConstraint.m in Sources */ = {isa = PBXBuildFile; fileRef = A459347B20C789D1001FD4E8 /* MASLayoutConstraint.m */; };
		A459349020C789D2001FD4E8 /* MASViewAttribute.m in Sources */ = {isa = PBXBuildFile; fileRef = A459347F20C789D1001FD4E8 /* MASViewAttribute.m */; };
		A459349120C789D2001FD4E8 /* MASViewConstraint.m in Sources */ = {isa = PBXBuildFile; fileRef = A459348120C789D1001FD4E8 /* MASViewConstraint.m */; };
		A459349220C789D2001FD4E8 /* NSArray+MASAdditions.m in Sources */ = {isa = PBXBuildFile; fileRef = A459348320C789D1001FD4E8 /* NSArray+MASAdditions.m */; };
		A459349320C789D2001FD4E8 /* NSLayoutConstraint+MASDebugAdditions.m in Sources */ = {isa = PBXBuildFile; fileRef = A459348620C789D1001FD4E8 /* NSLayoutConstraint+MASDebugAdditions.m */; };
		A459349420C789D2001FD4E8 /* View+MASAdditions.m in Sources */ = {isa = PBXBuildFile; fileRef = A459348820C789D1001FD4E8 /* View+MASAdditions.m */; };
		A459349520C789D2001FD4E8 /* ViewController+MASAdditions.m in Sources */ = {isa = PBXBuildFile; fileRef = A459348B20C789D1001FD4E8 /* ViewController+MASAdditions.m */; };
		A469EAED21814D8100174EAD /* DDYScanVC.m in Sources */ = {isa = PBXBuildFile; fileRef = A469EAE721814D8000174EAD /* DDYScanVC.m */; };
		A469EAEF21814D8100174EAD /* DDYQRCodeImgVC.m in Sources */ = {isa = PBXBuildFile; fileRef = A469EAEC21814D8000174EAD /* DDYQRCodeImgVC.m */; };
		A469EAF121814E1700174EAD /* DDYQRCode.bundle in Resources */ = {isa = PBXBuildFile; fileRef = A469EAF021814E1700174EAD /* DDYQRCode.bundle */; };
		FC7DDE543231621D2D28B32A /* libPods-DDYQRCode.a in Frameworks */ = {isa = PBXBuildFile; fileRef = 7CB0F16A9F0827DA410B13E3 /* libPods-DDYQRCode.a */; };
/* End PBXBuildFile section */

/* Begin PBXFileReference section */
		7CB0F16A9F0827DA410B13E3 /* libPods-DDYQRCode.a */ = {isa = PBXFileReference; explicitFileType = archive.ar; includeInIndex = 0; path = "libPods-DDYQRCode.a"; sourceTree = BUILT_PRODUCTS_DIR; };
		8AC1BFE095D7D7A9D7BC5D13 /* Pods-DDYQRCode.debug.xcconfig */ = {isa = PBXFileReference; includeInIndex = 1; lastKnownFileType = text.xcconfig; name = "Pods-DDYQRCode.debug.xcconfig"; path = "Target Support Files/Pods-DDYQRCode/Pods-DDYQRCode.debug.xcconfig"; sourceTree = "<group>"; };
		A41AAA5520CA619A00A26818 /* AppDelegate.h */ = {isa = PBXFileReference; fileEncoding = 4; lastKnownFileType = sourcecode.c.h; path = AppDelegate.h; sourceTree = "<group>"; };
		A41AAA5620CA619A00A26818 /* AppDelegate.m */ = {isa = PBXFileReference; fileEncoding = 4; lastKnownFileType = sourcecode.c.objc; path = AppDelegate.m; sourceTree = "<group>"; };
		A41AAA5820CA619A00A26818 /* Base */ = {isa = PBXFileReference; lastKnownFileType = file.storyboard; name = Base; path = Base.lproj/LaunchScreen.storyboard; sourceTree = "<group>"; };
		A41AAA5920CA619A00A26818 /* Info.plist */ = {isa = PBXFileReference; fileEncoding = 4; lastKnownFileType = text.plist.xml; path = Info.plist; sourceTree = "<group>"; };
		A41AAA5A20CA619A00A26818 /* main.m */ = {isa = PBXFileReference; fileEncoding = 4; lastKnownFileType = sourcecode.c.objc; path = main.m; sourceTree = "<group>"; };
		A41AAA5B20CA619A00A26818 /* ViewController.h */ = {isa = PBXFileReference; fileEncoding = 4; lastKnownFileType = sourcecode.c.h; path = ViewController.h; sourceTree = "<group>"; };
		A41AAA5C20CA619A00A26818 /* ViewController.m */ = {isa = PBXFileReference; fileEncoding = 4; lastKnownFileType = sourcecode.c.objc; path = ViewController.m; sourceTree = "<group>"; };
		A451DF6C20B79B1C00ADE0EF /* DDYQRCode.app */ = {isa = PBXFileReference; explicitFileType = wrapper.application; includeInIndex = 0; path = DDYQRCode.app; sourceTree = BUILT_PRODUCTS_DIR; };
		A459347320C789D1001FD4E8 /* MASCompositeConstraint.h */ = {isa = PBXFileReference; fileEncoding = 4; lastKnownFileType = sourcecode.c.h; path = MASCompositeConstraint.h; sourceTree = "<group>"; };
		A459347420C789D1001FD4E8 /* MASCompositeConstraint.m */ = {isa = PBXFileReference; fileEncoding = 4; lastKnownFileType = sourcecode.c.objc; path = MASCompositeConstraint.m; sourceTree = "<group>"; };
		A459347520C789D1001FD4E8 /* MASConstraint+Private.h */ = {isa = PBXFileReference; fileEncoding = 4; lastKnownFileType = sourcecode.c.h; path = "MASConstraint+Private.h"; sourceTree = "<group>"; };
		A459347620C789D1001FD4E8 /* MASConstraint.h */ = {isa = PBXFileReference; fileEncoding = 4; lastKnownFileType = sourcecode.c.h; path = MASConstraint.h; sourceTree = "<group>"; };
		A459347720C789D1001FD4E8 /* MASConstraint.m */ = {isa = PBXFileReference; fileEncoding = 4; lastKnownFileType = sourcecode.c.objc; path = MASConstraint.m; sourceTree = "<group>"; };
		A459347820C789D1001FD4E8 /* MASConstraintMaker.h */ = {isa = PBXFileReference; fileEncoding = 4; lastKnownFileType = sourcecode.c.h; path = MASConstraintMaker.h; sourceTree = "<group>"; };
		A459347920C789D1001FD4E8 /* MASConstraintMaker.m */ = {isa = PBXFileReference; fileEncoding = 4; lastKnownFileType = sourcecode.c.objc; path = MASConstraintMaker.m; sourceTree = "<group>"; };
		A459347A20C789D1001FD4E8 /* MASLayoutConstraint.h */ = {isa = PBXFileReference; fileEncoding = 4; lastKnownFileType = sourcecode.c.h; path = MASLayoutConstraint.h; sourceTree = "<group>"; };
		A459347B20C789D1001FD4E8 /* MASLayoutConstraint.m */ = {isa = PBXFileReference; fileEncoding = 4; lastKnownFileType = sourcecode.c.objc; path = MASLayoutConstraint.m; sourceTree = "<group>"; };
		A459347C20C789D1001FD4E8 /* Masonry.h */ = {isa = PBXFileReference; fileEncoding = 4; lastKnownFileType = sourcecode.c.h; path = Masonry.h; sourceTree = "<group>"; };
		A459347D20C789D1001FD4E8 /* MASUtilities.h */ = {isa = PBXFileReference; fileEncoding = 4; lastKnownFileType = sourcecode.c.h; path = MASUtilities.h; sourceTree = "<group>"; };
		A459347E20C789D1001FD4E8 /* MASViewAttribute.h */ = {isa = PBXFileReference; fileEncoding = 4; lastKnownFileType = sourcecode.c.h; path = MASViewAttribute.h; sourceTree = "<group>"; };
		A459347F20C789D1001FD4E8 /* MASViewAttribute.m */ = {isa = PBXFileReference; fileEncoding = 4; lastKnownFileType = sourcecode.c.objc; path = MASViewAttribute.m; sourceTree = "<group>"; };
		A459348020C789D1001FD4E8 /* MASViewConstraint.h */ = {isa = PBXFileReference; fileEncoding = 4; lastKnownFileType = sourcecode.c.h; path = MASViewConstraint.h; sourceTree = "<group>"; };
		A459348120C789D1001FD4E8 /* MASViewConstraint.m */ = {isa = PBXFileReference; fileEncoding = 4; lastKnownFileType = sourcecode.c.objc; path = MASViewConstraint.m; sourceTree = "<group>"; };
		A459348220C789D1001FD4E8 /* NSArray+MASAdditions.h */ = {isa = PBXFileReference; fileEncoding = 4; lastKnownFileType = sourcecode.c.h; path = "NSArray+MASAdditions.h"; sourceTree = "<group>"; };
		A459348320C789D1001FD4E8 /* NSArray+MASAdditions.m */ = {isa = PBXFileReference; fileEncoding = 4; lastKnownFileType = sourcecode.c.objc; path = "NSArray+MASAdditions.m"; sourceTree = "<group>"; };
		A459348420C789D1001FD4E8 /* NSArray+MASShorthandAdditions.h */ = {isa = PBXFileReference; fileEncoding = 4; lastKnownFileType = sourcecode.c.h; path = "NSArray+MASShorthandAdditions.h"; sourceTree = "<group>"; };
		A459348520C789D1001FD4E8 /* NSLayoutConstraint+MASDebugAdditions.h */ = {isa = PBXFileReference; fileEncoding = 4; lastKnownFileType = sourcecode.c.h; path = "NSLayoutConstraint+MASDebugAdditions.h"; sourceTree = "<group>"; };
		A459348620C789D1001FD4E8 /* NSLayoutConstraint+MASDebugAdditions.m */ = {isa = PBXFileReference; fileEncoding = 4; lastKnownFileType = sourcecode.c.objc; path = "NSLayoutConstraint+MASDebugAdditions.m"; sourceTree = "<group>"; };
		A459348720C789D1001FD4E8 /* View+MASAdditions.h */ = {isa = PBXFileReference; fileEncoding = 4; lastKnownFileType = sourcecode.c.h; path = "View+MASAdditions.h"; sourceTree = "<group>"; };
		A459348820C789D1001FD4E8 /* View+MASAdditions.m */ = {isa = PBXFileReference; fileEncoding = 4; lastKnownFileType = sourcecode.c.objc; path = "View+MASAdditions.m"; sourceTree = "<group>"; };
		A459348920C789D1001FD4E8 /* View+MASShorthandAdditions.h */ = {isa = PBXFileReference; fileEncoding = 4; lastKnownFileType = sourcecode.c.h; path = "View+MASShorthandAdditions.h"; sourceTree = "<group>"; };
		A459348A20C789D1001FD4E8 /* ViewController+MASAdditions.h */ = {isa = PBXFileReference; fileEncoding = 4; lastKnownFileType = sourcecode.c.h; path = "ViewController+MASAdditions.h"; sourceTree = "<group>"; };
		A459348B20C789D1001FD4E8 /* ViewController+MASAdditions.m */ = {isa = PBXFileReference; fileEncoding = 4; lastKnownFileType = sourcecode.c.objc; path = "ViewController+MASAdditions.m"; sourceTree = "<group>"; };
		A469EAE721814D8000174EAD /* DDYScanVC.m */ = {isa = PBXFileReference; fileEncoding = 4; lastKnownFileType = sourcecode.c.objc; path = DDYScanVC.m; sourceTree = "<group>"; };
		A469EAE821814D8000174EAD /* DDYScanVC.h */ = {isa = PBXFileReference; fileEncoding = 4; lastKnownFileType = sourcecode.c.h; path = DDYScanVC.h; sourceTree = "<group>"; };
		A469EAEB21814D8000174EAD /* DDYQRCodeImgVC.h */ = {isa = PBXFileReference; fileEncoding = 4; lastKnownFileType = sourcecode.c.h; path = DDYQRCodeImgVC.h; sourceTree = "<group>"; };
		A469EAEC21814D8000174EAD /* DDYQRCodeImgVC.m */ = {isa = PBXFileReference; fileEncoding = 4; lastKnownFileType = sourcecode.c.objc; path = DDYQRCodeImgVC.m; sourceTree = "<group>"; };
		A469EAF021814E1700174EAD /* DDYQRCode.bundle */ = {isa = PBXFileReference; lastKnownFileType = "wrapper.plug-in"; path = DDYQRCode.bundle; sourceTree = "<group>"; };
		EB190C82B915CF7FDC21E973 /* Pods-DDYQRCode.release.xcconfig */ = {isa = PBXFileReference; includeInIndex = 1; lastKnownFileType = text.xcconfig; name = "Pods-DDYQRCode.release.xcconfig"; path = "Target Support Files/Pods-DDYQRCode/Pods-DDYQRCode.release.xcconfig"; sourceTree = "<group>"; };
/* End PBXFileReference section */

/* Begin PBXFrameworksBuildPhase section */
		A451DF6920B79B1C00ADE0EF /* Frameworks */ = {
			isa = PBXFrameworksBuildPhase;
			buildActionMask = 2147483647;
			files = (
				FC7DDE543231621D2D28B32A /* libPods-DDYQRCode.a in Frameworks */,
			);
			runOnlyForDeploymentPostprocessing = 0;
		};
/* End PBXFrameworksBuildPhase section */

/* Begin PBXGroup section */
		34F1B029DCDBAD28CEBE6F35 /* Frameworks */ = {
			isa = PBXGroup;
			children = (
				7CB0F16A9F0827DA410B13E3 /* libPods-DDYQRCode.a */,
			);
			name = Frameworks;
			sourceTree = "<group>";
		};
		A41AAA5420CA619A00A26818 /* System */ = {
			isa = PBXGroup;
			children = (
				A41AAA5520CA619A00A26818 /* AppDelegate.h */,
				A41AAA5620CA619A00A26818 /* AppDelegate.m */,
				A41AAA5720CA619A00A26818 /* LaunchScreen.storyboard */,
				A41AAA5920CA619A00A26818 /* Info.plist */,
				A41AAA5A20CA619A00A26818 /* main.m */,
				A41AAA5B20CA619A00A26818 /* ViewController.h */,
				A41AAA5C20CA619A00A26818 /* ViewController.m */,
				A469EAEB21814D8000174EAD /* DDYQRCodeImgVC.h */,
				A469EAEC21814D8000174EAD /* DDYQRCodeImgVC.m */,
				A469EAE821814D8000174EAD /* DDYScanVC.h */,
				A469EAE721814D8000174EAD /* DDYScanVC.m */,
				A469EAF021814E1700174EAD /* DDYQRCode.bundle */,
			);
			path = System;
			sourceTree = "<group>";
		};
		A451DF6320B79B1C00ADE0EF = {
			isa = PBXGroup;
			children = (
				A451DF6E20B79B1C00ADE0EF /* DDYQRCode */,
				A451DF6D20B79B1C00ADE0EF /* Products */,
				F2916BAEEC18C1FB9135E06E /* Pods */,
				34F1B029DCDBAD28CEBE6F35 /* Frameworks */,
			);
			sourceTree = "<group>";
		};
		A451DF6D20B79B1C00ADE0EF /* Products */ = {
			isa = PBXGroup;
			children = (
				A451DF6C20B79B1C00ADE0EF /* DDYQRCode.app */,
			);
			name = Products;
			sourceTree = "<group>";
		};
		A451DF6E20B79B1C00ADE0EF /* DDYQRCode */ = {
			isa = PBXGroup;
			children = (
				A41AAA5420CA619A00A26818 /* System */,
				A459347220C789D1001FD4E8 /* Masonry */,
			);
			path = DDYQRCode;
			sourceTree = "<group>";
		};
		A459347220C789D1001FD4E8 /* Masonry */ = {
			isa = PBXGroup;
			children = (
				A459347320C789D1001FD4E8 /* MASCompositeConstraint.h */,
				A459347420C789D1001FD4E8 /* MASCompositeConstraint.m */,
				A459347520C789D1001FD4E8 /* MASConstraint+Private.h */,
				A459347620C789D1001FD4E8 /* MASConstraint.h */,
				A459347720C789D1001FD4E8 /* MASConstraint.m */,
				A459347820C789D1001FD4E8 /* MASConstraintMaker.h */,
				A459347920C789D1001FD4E8 /* MASConstraintMaker.m */,
				A459347A20C789D1001FD4E8 /* MASLayoutConstraint.h */,
				A459347B20C789D1001FD4E8 /* MASLayoutConstraint.m */,
				A459347C20C789D1001FD4E8 /* Masonry.h */,
				A459347D20C789D1001FD4E8 /* MASUtilities.h */,
				A459347E20C789D1001FD4E8 /* MASViewAttribute.h */,
				A459347F20C789D1001FD4E8 /* MASViewAttribute.m */,
				A459348020C789D1001FD4E8 /* MASViewConstraint.h */,
				A459348120C789D1001FD4E8 /* MASViewConstraint.m */,
				A459348220C789D1001FD4E8 /* NSArray+MASAdditions.h */,
				A459348320C789D1001FD4E8 /* NSArray+MASAdditions.m */,
				A459348420C789D1001FD4E8 /* NSArray+MASShorthandAdditions.h */,
				A459348520C789D1001FD4E8 /* NSLayoutConstraint+MASDebugAdditions.h */,
				A459348620C789D1001FD4E8 /* NSLayoutConstraint+MASDebugAdditions.m */,
				A459348720C789D1001FD4E8 /* View+MASAdditions.h */,
				A459348820C789D1001FD4E8 /* View+MASAdditions.m */,
				A459348920C789D1001FD4E8 /* View+MASShorthandAdditions.h */,
				A459348A20C789D1001FD4E8 /* ViewController+MASAdditions.h */,
				A459348B20C789D1001FD4E8 /* ViewController+MASAdditions.m */,
			);
			path = Masonry;
			sourceTree = "<group>";
		};
		F2916BAEEC18C1FB9135E06E /* Pods */ = {
			isa = PBXGroup;
			children = (
				8AC1BFE095D7D7A9D7BC5D13 /* Pods-DDYQRCode.debug.xcconfig */,
				EB190C82B915CF7FDC21E973 /* Pods-DDYQRCode.release.xcconfig */,
			);
			path = Pods;
			sourceTree = "<group>";
		};
/* End PBXGroup section */

/* Begin PBXNativeTarget section */
		A451DF6B20B79B1C00ADE0EF /* DDYQRCode */ = {
			isa = PBXNativeTarget;
			buildConfigurationList = A451DF8220B79B2600ADE0EF /* Build configuration list for PBXNativeTarget "DDYQRCode" */;
			buildPhases = (
				D59095FFDA262B90D3031E57 /* [CP] Check Pods Manifest.lock */,
				A451DF6820B79B1C00ADE0EF /* Sources */,
				A451DF6920B79B1C00ADE0EF /* Frameworks */,
				A451DF6A20B79B1C00ADE0EF /* Resources */,
				18C09F2D197DBBEB90E8B947 /* [CP] Copy Pods Resources */,
			);
			buildRules = (
			);
			dependencies = (
			);
			name = DDYQRCode;
			productName = DDYQRCode;
			productReference = A451DF6C20B79B1C00ADE0EF /* DDYQRCode.app */;
			productType = "com.apple.product-type.application";
		};
/* End PBXNativeTarget section */

/* Begin PBXProject section */
		A451DF6420B79B1C00ADE0EF /* Project object */ = {
			isa = PBXProject;
			attributes = {
				LastUpgradeCheck = 0930;
				ORGANIZATIONNAME = com.smartmesh;
				TargetAttributes = {
					A451DF6B20B79B1C00ADE0EF = {
						CreatedOnToolsVersion = 9.3;
					};
				};
			};
			buildConfigurationList = A451DF6720B79B1C00ADE0EF /* Build configuration list for PBXProject "DDYQRCode" */;
			compatibilityVersion = "Xcode 9.3";
			developmentRegion = en;
			hasScannedForEncodings = 0;
			knownRegions = (
				en,
				Base,
			);
			mainGroup = A451DF6320B79B1C00ADE0EF;
			productRefGroup = A451DF6D20B79B1C00ADE0EF /* Products */;
			projectDirPath = "";
			projectRoot = "";
			targets = (
				A451DF6B20B79B1C00ADE0EF /* DDYQRCode */,
			);
		};
/* End PBXProject section */

/* Begin PBXResourcesBuildPhase section */
		A451DF6A20B79B1C00ADE0EF /* Resources */ = {
			isa = PBXResourcesBuildPhase;
			buildActionMask = 2147483647;
			files = (
				A41AAA5E20CA619A00A26818 /* LaunchScreen.storyboard in Resources */,
				A41AAA5F20CA619A00A26818 /* Info.plist in Resources */,
				A469EAF121814E1700174EAD /* DDYQRCode.bundle in Resources */,
			);
			runOnlyForDeploymentPostprocessing = 0;
		};
/* End PBXResourcesBuildPhase section */

/* Begin PBXShellScriptBuildPhase section */
		18C09F2D197DBBEB90E8B947 /* [CP] Copy Pods Resources */ = {
			isa = PBXShellScriptBuildPhase;
			buildActionMask = 2147483647;
			files = (
			);
			inputPaths = (
				"${PODS_ROOT}/Target Support Files/Pods-DDYQRCode/Pods-DDYQRCode-resources.sh",
				"${PODS_ROOT}/DDYQRCode/DDYQRCode/DDYQRCode/DDYQRCode.bundle",
			);
			name = "[CP] Copy Pods Resources";
			outputPaths = (
				"${TARGET_BUILD_DIR}/${UNLOCALIZED_RESOURCES_FOLDER_PATH}/DDYQRCode.bundle",
			);
			runOnlyForDeploymentPostprocessing = 0;
			shellPath = /bin/sh;
			shellScript = "\"${PODS_ROOT}/Target Support Files/Pods-DDYQRCode/Pods-DDYQRCode-resources.sh\"\n";
			showEnvVarsInLog = 0;
		};
		D59095FFDA262B90D3031E57 /* [CP] Check Pods Manifest.lock */ = {
			isa = PBXShellScriptBuildPhase;
			buildActionMask = 2147483647;
			files = (
			);
			inputPaths = (
				"${PODS_PODFILE_DIR_PATH}/Podfile.lock",
				"${PODS_ROOT}/Manifest.lock",
			);
			name = "[CP] Check Pods Manifest.lock";
			outputPaths = (
				"$(DERIVED_FILE_DIR)/Pods-DDYQRCode-checkManifestLockResult.txt",
			);
			runOnlyForDeploymentPostprocessing = 0;
			shellPath = /bin/sh;
			shellScript = "diff \"${PODS_PODFILE_DIR_PATH}/Podfile.lock\" \"${PODS_ROOT}/Manifest.lock\" > /dev/null\nif [ $? != 0 ] ; then\n    # print error to STDERR\n    echo \"error: The sandbox is not in sync with the Podfile.lock. Run 'pod install' or update your CocoaPods installation.\" >&2\n    exit 1\nfi\n# This output is used by Xcode 'outputs' to avoid re-running this script phase.\necho \"SUCCESS\" > \"${SCRIPT_OUTPUT_FILE_0}\"\n";
			showEnvVarsInLog = 0;
		};
/* End PBXShellScriptBuildPhase section */

/* Begin PBXSourcesBuildPhase section */
		A451DF6820B79B1C00ADE0EF /* Sources */ = {
			isa = PBXSourcesBuildPhase;
			buildActionMask = 2147483647;
			files = (
				A469EAEF21814D8100174EAD /* DDYQRCodeImgVC.m in Sources */,
				A41AAA6120CA619A00A26818 /* ViewController.m in Sources */,
				A459349220C789D2001FD4E8 /* NSArray+MASAdditions.m in Sources */,
				A459349120C789D2001FD4E8 /* MASViewConstraint.m in Sources */,
				A459348E20C789D2001FD4E8 /* MASConstraintMaker.m in Sources */,
				A459349420C789D2001FD4E8 /* View+MASAdditions.m in Sources */,
				A459348D20C789D2001FD4E8 /* MASConstraint.m in Sources */,
				A41AAA6020CA619A00A26818 /* main.m in Sources */,
				A459349020C789D2001FD4E8 /* MASViewAttribute.m in Sources */,
				A459349320C789D2001FD4E8 /* NSLayoutConstraint+MASDebugAdditions.m in Sources */,
				A459348C20C789D2001FD4E8 /* MASCompositeConstraint.m in Sources */,
				A459348F20C789D2001FD4E8 /* MASLayoutConstraint.m in Sources */,
				A469EAED21814D8100174EAD /* DDYScanVC.m in Sources */,
				A459349520C789D2001FD4E8 /* ViewController+MASAdditions.m in Sources */,
				A41AAA5D20CA619A00A26818 /* AppDelegate.m in Sources */,
			);
			runOnlyForDeploymentPostprocessing = 0;
		};
/* End PBXSourcesBuildPhase section */

/* Begin PBXVariantGroup section */
		A41AAA5720CA619A00A26818 /* LaunchScreen.storyboard */ = {
			isa = PBXVariantGroup;
			children = (
				A41AAA5820CA619A00A26818 /* Base */,
			);
			name = LaunchScreen.storyboard;
			sourceTree = "<group>";
		};
/* End PBXVariantGroup section */

/* Begin XCBuildConfiguration section */
		A451DF8020B79B2600ADE0EF /* Debug */ = {
			isa = XCBuildConfiguration;
			buildSettings = {
				ALWAYS_SEARCH_USER_PATHS = NO;
				CLANG_ANALYZER_NONNULL = YES;
				CLANG_ANALYZER_NUMBER_OBJECT_CONVERSION = YES_AGGRESSIVE;
				CLANG_CXX_LANGUAGE_STANDARD = "gnu++14";
				CLANG_CXX_LIBRARY = "libc++";
				CLANG_ENABLE_MODULES = YES;
				CLANG_ENABLE_OBJC_ARC = YES;
				CLANG_ENABLE_OBJC_WEAK = YES;
				CLANG_WARN_BLOCK_CAPTURE_AUTORELEASING = YES;
				CLANG_WARN_BOOL_CONVERSION = YES;
				CLANG_WARN_COMMA = YES;
				CLANG_WARN_CONSTANT_CONVERSION = YES;
				CLANG_WARN_DEPRECATED_OBJC_IMPLEMENTATIONS = YES;
				CLANG_WARN_DIRECT_OBJC_ISA_USAGE = YES_ERROR;
				CLANG_WARN_DOCUMENTATION_COMMENTS = YES;
				CLANG_WARN_EMPTY_BODY = YES;
				CLANG_WARN_ENUM_CONVERSION = YES;
				CLANG_WARN_INFINITE_RECURSION = YES;
				CLANG_WARN_INT_CONVERSION = YES;
				CLANG_WARN_NON_LITERAL_NULL_CONVERSION = YES;
				CLANG_WARN_OBJC_IMPLICIT_RETAIN_SELF = YES;
				CLANG_WARN_OBJC_LITERAL_CONVERSION = YES;
				CLANG_WARN_OBJC_ROOT_CLASS = YES_ERROR;
				CLANG_WARN_RANGE_LOOP_ANALYSIS = YES;
				CLANG_WARN_STRICT_PROTOTYPES = YES;
				CLANG_WARN_SUSPICIOUS_MOVE = YES;
				CLANG_WARN_UNGUARDED_AVAILABILITY = YES_AGGRESSIVE;
				CLANG_WARN_UNREACHABLE_CODE = YES;
				CLANG_WARN__DUPLICATE_METHOD_MATCH = YES;
				CODE_SIGN_IDENTITY = "iPhone Developer";
				COPY_PHASE_STRIP = NO;
				DEBUG_INFORMATION_FORMAT = dwarf;
				ENABLE_STRICT_OBJC_MSGSEND = YES;
				ENABLE_TESTABILITY = YES;
				GCC_C_LANGUAGE_STANDARD = gnu11;
				GCC_DYNAMIC_NO_PIC = NO;
				GCC_NO_COMMON_BLOCKS = YES;
				GCC_OPTIMIZATION_LEVEL = 0;
				GCC_PREPROCESSOR_DEFINITIONS = (
					"DEBUG=1",
					"$(inherited)",
				);
				GCC_WARN_64_TO_32_BIT_CONVERSION = YES;
				GCC_WARN_ABOUT_RETURN_TYPE = YES_ERROR;
				GCC_WARN_UNDECLARED_SELECTOR = YES;
				GCC_WARN_UNINITIALIZED_AUTOS = YES_AGGRESSIVE;
				GCC_WARN_UNUSED_FUNCTION = YES;
				GCC_WARN_UNUSED_VARIABLE = YES;
				IPHONEOS_DEPLOYMENT_TARGET = 11.3;
				MTL_ENABLE_DEBUG_INFO = YES;
				ONLY_ACTIVE_ARCH = YES;
				SDKROOT = iphoneos;
			};
			name = Debug;
		};
		A451DF8120B79B2600ADE0EF /* Release */ = {
			isa = XCBuildConfiguration;
			buildSettings = {
				ALWAYS_SEARCH_USER_PATHS = NO;
				CLANG_ANALYZER_NONNULL = YES;
				CLANG_ANALYZER_NUMBER_OBJECT_CONVERSION = YES_AGGRESSIVE;
				CLANG_CXX_LANGUAGE_STANDARD = "gnu++14";
				CLANG_CXX_LIBRARY = "libc++";
				CLANG_ENABLE_MODULES = YES;
				CLANG_ENABLE_OBJC_ARC = YES;
				CLANG_ENABLE_OBJC_WEAK = YES;
				CLANG_WARN_BLOCK_CAPTURE_AUTORELEASING = YES;
				CLANG_WARN_BOOL_CONVERSION = YES;
				CLANG_WARN_COMMA = YES;
				CLANG_WARN_CONSTANT_CONVERSION = YES;
				CLANG_WARN_DEPRECATED_OBJC_IMPLEMENTATIONS = YES;
				CLANG_WARN_DIRECT_OBJC_ISA_USAGE = YES_ERROR;
				CLANG_WARN_DOCUMENTATION_COMMENTS = YES;
				CLANG_WARN_EMPTY_BODY = YES;
				CLANG_WARN_ENUM_CONVERSION = YES;
				CLANG_WARN_INFINITE_RECURSION = YES;
				CLANG_WARN_INT_CONVERSION = YES;
				CLANG_WARN_NON_LITERAL_NULL_CONVERSION = YES;
				CLANG_WARN_OBJC_IMPLICIT_RETAIN_SELF = YES;
				CLANG_WARN_OBJC_LITERAL_CONVERSION = YES;
				CLANG_WARN_OBJC_ROOT_CLASS = YES_ERROR;
				CLANG_WARN_RANGE_LOOP_ANALYSIS = YES;
				CLANG_WARN_STRICT_PROTOTYPES = YES;
				CLANG_WARN_SUSPICIOUS_MOVE = YES;
				CLANG_WARN_UNGUARDED_AVAILABILITY = YES_AGGRESSIVE;
				CLANG_WARN_UNREACHABLE_CODE = YES;
				CLANG_WARN__DUPLICATE_METHOD_MATCH = YES;
				CODE_SIGN_IDENTITY = "iPhone Developer";
				COPY_PHASE_STRIP = NO;
				DEBUG_INFORMATION_FORMAT = "dwarf-with-dsym";
				ENABLE_NS_ASSERTIONS = NO;
				ENABLE_STRICT_OBJC_MSGSEND = YES;
				GCC_C_LANGUAGE_STANDARD = gnu11;
				GCC_NO_COMMON_BLOCKS = YES;
				GCC_WARN_64_TO_32_BIT_CONVERSION = YES;
				GCC_WARN_ABOUT_RETURN_TYPE = YES_ERROR;
				GCC_WARN_UNDECLARED_SELECTOR = YES;
				GCC_WARN_UNINITIALIZED_AUTOS = YES_AGGRESSIVE;
				GCC_WARN_UNUSED_FUNCTION = YES;
				GCC_WARN_UNUSED_VARIABLE = YES;
				IPHONEOS_DEPLOYMENT_TARGET = 11.3;
				MTL_ENABLE_DEBUG_INFO = NO;
				SDKROOT = iphoneos;
				VALIDATE_PRODUCT = YES;
			};
			name = Release;
		};
		A451DF8320B79B2600ADE0EF /* Debug */ = {
			isa = XCBuildConfiguration;
			baseConfigurationReference = 8AC1BFE095D7D7A9D7BC5D13 /* Pods-DDYQRCode.debug.xcconfig */;
			buildSettings = {
				CODE_SIGN_STYLE = Automatic;
				DEVELOPMENT_TEAM = 23JJ7VRKJT;
				INFOPLIST_FILE = "$(SRCROOT)/DDYQRCode/System/Info.plist";
				IPHONEOS_DEPLOYMENT_TARGET = 8.0;
				LD_RUNPATH_SEARCH_PATHS = (
					"$(inherited)",
					"@executable_path/Frameworks",
				);
				PRODUCT_BUNDLE_IDENTIFIER = com.smartmesh.smart2;
				PRODUCT_NAME = "$(TARGET_NAME)";
				TARGETED_DEVICE_FAMILY = 1;
			};
			name = Debug;
		};
		A451DF8420B79B2600ADE0EF /* Release */ = {
			isa = XCBuildConfiguration;
			baseConfigurationReference = EB190C82B915CF7FDC21E973 /* Pods-DDYQRCode.release.xcconfig */;
			buildSettings = {
				CODE_SIGN_STYLE = Automatic;
				DEVELOPMENT_TEAM = 23JJ7VRKJT;
				INFOPLIST_FILE = "$(SRCROOT)/DDYQRCode/System/Info.plist";
				IPHONEOS_DEPLOYMENT_TARGET = 8.0;
				LD_RUNPATH_SEARCH_PATHS = (
					"$(inherited)",
					"@executable_path/Frameworks",
				);
				PRODUCT_BUNDLE_IDENTIFIER = com.smartmesh.smart2;
				PRODUCT_NAME = "$(TARGET_NAME)";
				TARGETED_DEVICE_FAMILY = 1;
			};
			name = Release;
		};
/* End XCBuildConfiguration section */

/* Begin XCConfigurationList section */
		A451DF6720B79B1C00ADE0EF /* Build configuration list for PBXProject "DDYQRCode" */ = {
			isa = XCConfigurationList;
			buildConfigurations = (
				A451DF8020B79B2600ADE0EF /* Debug */,
				A451DF8120B79B2600ADE0EF /* Release */,
			);
			defaultConfigurationIsVisible = 0;
			defaultConfigurationName = Release;
		};
		A451DF8220B79B2600ADE0EF /* Build configuration list for PBXNativeTarget "DDYQRCode" */ = {
			isa = XCConfigurationList;
			buildConfigurations = (
				A451DF8320B79B2600ADE0EF /* Debug */,
				A451DF8420B79B2600ADE0EF /* Release */,
			);
			defaultConfigurationIsVisible = 0;
			defaultConfigurationName = Release;
		};
/* End XCConfigurationList section */
	};
	rootObject = A451DF6420B79B1C00ADE0EF /* Project object */;
}
